{
  "version": "3",
  "remote": {
    "https://deno.land/std@0.170.0/fmt/colors.ts": "03ad95e543d2808bc43c17a3dd29d25b43d0f16287fe562a0be89bf632454a12",
    "https://deno.land/std@0.191.0/_util/asserts.ts": "178dfc49a464aee693a7e285567b3d0b555dc805ff490505a8aae34f9cfb1462",
    "https://deno.land/std@0.191.0/_util/os.ts": "d932f56d41e4f6a6093d56044e29ce637f8dcc43c5a90af43504a889cf1775e3",
    "https://deno.land/std@0.191.0/fs/_util.ts": "fbf57dcdc9f7bc8128d60301eece608246971a7836a3bb1e78da75314f08b978",
    "https://deno.land/std@0.191.0/fs/copy.ts": "14214efd94fc3aa6db1e4af2b4b9578e50f7362b7f3725d5a14ad259a5df26c8",
    "https://deno.land/std@0.191.0/fs/empty_dir.ts": "c3d2da4c7352fab1cf144a1ecfef58090769e8af633678e0f3fabaef98594688",
    "https://deno.land/std@0.191.0/fs/ensure_dir.ts": "dc64c4c75c64721d4e3fb681f1382f803ff3d2868f08563ff923fdd20d071c40",
    "https://deno.land/std@0.191.0/fs/ensure_file.ts": "c38602670bfaf259d86ca824a94e6cb9e5eb73757fefa4ebf43a90dd017d53d9",
    "https://deno.land/std@0.191.0/fs/ensure_link.ts": "c0f5b2f0ec094ed52b9128eccb1ee23362a617457aa0f699b145d4883f5b2fb4",
    "https://deno.land/std@0.191.0/fs/ensure_symlink.ts": "5006ab2f458159c56d689b53b1e48d57e05eeb1eaf64e677f7f76a30bc4fdba1",
    "https://deno.land/std@0.191.0/fs/eol.ts": "f1f2eb348a750c34500741987b21d65607f352cf7205f48f4319d417fff42842",
    "https://deno.land/std@0.191.0/fs/exists.ts": "29c26bca8584a22876be7cb8844f1b6c8fc35e9af514576b78f5c6884d7ed02d",
    "https://deno.land/std@0.191.0/fs/expand_glob.ts": "e4f56259a0a70fe23f05215b00de3ac5e6ba46646ab2a06ebbe9b010f81c972a",
    "https://deno.land/std@0.191.0/fs/mod.ts": "bc3d0acd488cc7b42627044caf47d72019846d459279544e1934418955ba4898",
    "https://deno.land/std@0.191.0/fs/move.ts": "b4f8f46730b40c32ea3c0bc8eb0fd0e8139249a698883c7b3756424cf19785c9",
    "https://deno.land/std@0.191.0/fs/walk.ts": "920be35a7376db6c0b5b1caf1486fb962925e38c9825f90367f8f26b5e5d0897",
    "https://deno.land/std@0.191.0/path/_constants.ts": "e49961f6f4f48039c0dfed3c3f93e963ca3d92791c9d478ac5b43183413136e0",
    "https://deno.land/std@0.191.0/path/_interface.ts": "6471159dfbbc357e03882c2266d21ef9afdb1e4aa771b0545e90db58a0ba314b",
    "https://deno.land/std@0.191.0/path/_util.ts": "d7abb1e0dea065f427b89156e28cdeb32b045870acdf865833ba808a73b576d0",
    "https://deno.land/std@0.191.0/path/common.ts": "ee7505ab01fd22de3963b64e46cff31f40de34f9f8de1fff6a1bd2fe79380000",
    "https://deno.land/std@0.191.0/path/glob.ts": "d479e0a695621c94d3fd7fe7abd4f9499caf32a8de13f25073451c6ef420a4e1",
    "https://deno.land/std@0.191.0/path/mod.ts": "f065032a7189404fdac3ad1a1551a9ac84751d2f25c431e101787846c86c79ef",
    "https://deno.land/std@0.191.0/path/posix.ts": "8b7c67ac338714b30c816079303d0285dd24af6b284f7ad63da5b27372a2c94d",
    "https://deno.land/std@0.191.0/path/separator.ts": "0fb679739d0d1d7bf45b68dacfb4ec7563597a902edbaf3c59b50d5bcadd93b1",
    "https://deno.land/std@0.191.0/path/win32.ts": "d186344e5583bcbf8b18af416d13d82b35a317116e6460a5a3953508c3de5bba",
    "https://deno.land/std@0.204.0/assert/assert.ts": "9a97dad6d98c238938e7540736b826440ad8c1c1e54430ca4c4e623e585607ee",
    "https://deno.land/std@0.204.0/assert/assertion_error.ts": "4d0bde9b374dfbcbe8ac23f54f567b77024fb67dbb1906a852d67fe050d42f56",
    "https://deno.land/std@0.204.0/bytes/copy.ts": "939d89e302a9761dcf1d9c937c7711174ed74c59eef40a1e4569a05c9de88219",
    "https://deno.land/std@0.204.0/fmt/colors.ts": "c51c4642678eb690dcf5ffee5918b675bf01a33fba82acf303701ae1a4f8c8d9",
    "https://deno.land/std@0.204.0/fs/exists.ts": "cb59a853d84871d87acab0e7936a4dac11282957f8e195102c5a7acb42546bb8",
    "https://deno.land/std@0.204.0/io/buf_writer.ts": "c49d1a3114ad936690847abd0dd2e321e96188546d6e8ae9d22b292b8b59f9f8",
    "https://deno.land/std@0.204.0/log/handlers.ts": "3a0883f65567f59a9a88e44c972b24b924621bc28ead91af11d7a6da93c4a64c",
    "https://deno.land/std@0.204.0/log/levels.ts": "6309147664e9e008cd6671610f2505c4c95f181f6bae4816a84b33e0aec66859",
    "https://deno.land/std@0.204.0/log/logger.ts": "180c50a07c43a556dc5794e913c82946399e89d683201d01c8f0091e1e4ae3fc",
    "https://deno.land/std@0.204.0/log/mod.ts": "a274d2129c8d08d4c96e0fb165a595e6c730b5130b437a9ce04364156bfe955a",
    "https://deno.land/x/cliffy@v0.25.7/_utils/distance.ts": "02af166952c7c358ac83beae397aa2fbca4ad630aecfcd38d92edb1ea429f004",
    "https://deno.land/x/cliffy@v0.25.7/command/_errors.ts": "a9bd23dc816b32ec96c9b8f3057218241778d8c40333b43341138191450965e5",
    "https://deno.land/x/cliffy@v0.25.7/command/_utils.ts": "9ab3d69fabab6c335b881b8a5229cbd5db0c68f630a1c307aff988b6396d9baf",
    "https://deno.land/x/cliffy@v0.25.7/command/command.ts": "a2b83c612acd65c69116f70dec872f6da383699b83874b70fcf38cddf790443f",
    "https://deno.land/x/cliffy@v0.25.7/command/completions/_bash_completions_generator.ts": "43b4abb543d4dc60233620d51e69d82d3b7c44e274e723681e0dce2a124f69f9",
    "https://deno.land/x/cliffy@v0.25.7/command/completions/_fish_completions_generator.ts": "d0289985f5cf0bd288c05273bfa286b24c27feb40822eb7fd9d7fee64e6580e8",
    "https://deno.land/x/cliffy@v0.25.7/command/completions/_zsh_completions_generator.ts": "14461eb274954fea4953ee75938821f721da7da607dc49bcc7db1e3f33a207bd",
    "https://deno.land/x/cliffy@v0.25.7/command/completions/bash.ts": "053aa2006ec327ccecacb00ba28e5eb836300e5c1bec1b3cfaee9ddcf8189756",
    "https://deno.land/x/cliffy@v0.25.7/command/completions/complete.ts": "58df61caa5e6220ff2768636a69337923ad9d4b8c1932aeb27165081c4d07d8b",
    "https://deno.land/x/cliffy@v0.25.7/command/completions/fish.ts": "9938beaa6458c6cf9e2eeda46a09e8cd362d4f8c6c9efe87d3cd8ca7477402a5",
    "https://deno.land/x/cliffy@v0.25.7/command/completions/mod.ts": "aeef7ec8e319bb157c39a4bab8030c9fe8fa327b4c1e94c9c1025077b45b40c0",
    "https://deno.land/x/cliffy@v0.25.7/command/completions/zsh.ts": "8b04ab244a0b582f7927d405e17b38602428eeb347a9968a657e7ea9f40e721a",
    "https://deno.land/x/cliffy@v0.25.7/command/deprecated.ts": "bbe6670f1d645b773d04b725b8b8e7814c862c9f1afba460c4d599ffe9d4983c",
    "https://deno.land/x/cliffy@v0.25.7/command/deps.ts": "275b964ce173770bae65f6b8ebe9d2fd557dc10292cdd1ed3db1735f0d77fa1d",
    "https://deno.land/x/cliffy@v0.25.7/command/help/_help_generator.ts": "f7c349cb2ddb737e70dc1f89bcb1943ca9017a53506be0d4138e0aadb9970a49",
    "https://deno.land/x/cliffy@v0.25.7/command/help/mod.ts": "09d74d3eb42d21285407cda688074c29595d9c927b69aedf9d05ff3f215820d3",
    "https://deno.land/x/cliffy@v0.25.7/command/mod.ts": "d0a32df6b14028e43bb2d41fa87d24bc00f9662a44e5a177b3db02f93e473209",
    "https://deno.land/x/cliffy@v0.25.7/command/type.ts": "24e88e3085e1574662b856ccce70d589959648817135d4469fab67b9cce1b364",
    "https://deno.land/x/cliffy@v0.25.7/command/types.ts": "ae02eec0ed7a769f7dba2dd5d3a931a61724b3021271b1b565cf189d9adfd4a0",
    "https://deno.land/x/cliffy@v0.25.7/command/types/action_list.ts": "33c98d449617c7a563a535c9ceb3741bde9f6363353fd492f90a74570c611c27",
    "https://deno.land/x/cliffy@v0.25.7/command/types/boolean.ts": "3879ec16092b4b5b1a0acb8675f8c9250c0b8a972e1e4c7adfba8335bd2263ed",
    "https://deno.land/x/cliffy@v0.25.7/command/types/child_command.ts": "f1fca390c7fbfa7a713ca15ef55c2c7656bcbb394d50e8ef54085bdf6dc22559",
    "https://deno.land/x/cliffy@v0.25.7/command/types/command.ts": "325d0382e383b725fd8d0ef34ebaeae082c5b76a1f6f2e843fee5dbb1a4fe3ac",
    "https://deno.land/x/cliffy@v0.25.7/command/types/enum.ts": "2178345972adf7129a47e5f02856ca3e6852a91442a1c78307dffb8a6a3c6c9f",
    "https://deno.land/x/cliffy@v0.25.7/command/types/file.ts": "8618f16ac9015c8589cbd946b3de1988cc4899b90ea251f3325c93c46745140e",
    "https://deno.land/x/cliffy@v0.25.7/command/types/integer.ts": "29864725fd48738579d18123d7ee78fed37515e6dc62146c7544c98a82f1778d",
    "https://deno.land/x/cliffy@v0.25.7/command/types/number.ts": "aeba96e6f470309317a16b308c82e0e4138a830ec79c9877e4622c682012bc1f",
    "https://deno.land/x/cliffy@v0.25.7/command/types/string.ts": "e4dadb08a11795474871c7967beab954593813bb53d9f69ea5f9b734e43dc0e0",
    "https://deno.land/x/cliffy@v0.25.7/command/upgrade/mod.ts": "17e2df3b620905583256684415e6c4a31e8de5c59066eb6d6c9c133919292dc4",
    "https://deno.land/x/cliffy@v0.25.7/command/upgrade/provider.ts": "d6fb846043232cbd23c57d257100c7fc92274984d75a5fead0f3e4266dc76ab8",
    "https://deno.land/x/cliffy@v0.25.7/command/upgrade/provider/deno_land.ts": "24f8d82e38c51e09be989f30f8ad21f9dd41ac1bb1973b443a13883e8ba06d6d",
    "https://deno.land/x/cliffy@v0.25.7/command/upgrade/provider/github.ts": "99e1b133dd446c6aa79f69e69c46eb8bc1c968dd331c2a7d4064514a317c7b59",
    "https://deno.land/x/cliffy@v0.25.7/command/upgrade/provider/nest_land.ts": "0e07936cea04fa41ac9297f32d87f39152ea873970c54cb5b4934b12fee1885e",
    "https://deno.land/x/cliffy@v0.25.7/command/upgrade/upgrade_command.ts": "3640a287d914190241ea1e636774b1b4b0e1828fa75119971dd5304784061e05",
    "https://deno.land/x/cliffy@v0.25.7/flags/_errors.ts": "f1fbb6bfa009e7950508c9d491cfb4a5551027d9f453389606adb3f2327d048f",
    "https://deno.land/x/cliffy@v0.25.7/flags/_utils.ts": "340d3ecab43cde9489187e1f176504d2c58485df6652d1cdd907c0e9c3ce4cc2",
    "https://deno.land/x/cliffy@v0.25.7/flags/_validate_flags.ts": "16eb5837986c6f6f7620817820161a78d66ce92d690e3697068726bbef067452",
    "https://deno.land/x/cliffy@v0.25.7/flags/deprecated.ts": "a72a35de3cc7314e5ebea605ca23d08385b218ef171c32a3f135fb4318b08126",
    "https://deno.land/x/cliffy@v0.25.7/flags/flags.ts": "68a9dfcacc4983a84c07ba19b66e5e9fccd04389fad215210c60fb414cc62576",
    "https://deno.land/x/cliffy@v0.25.7/flags/types.ts": "7452ea5296758fb7af89930349ce40d8eb9a43b24b3f5759283e1cb5113075fd",
    "https://deno.land/x/cliffy@v0.25.7/flags/types/boolean.ts": "4c026dd66ec9c5436860dc6d0241427bdb8d8e07337ad71b33c08193428a2236",
    "https://deno.land/x/cliffy@v0.25.7/flags/types/integer.ts": "b60d4d590f309ddddf066782d43e4dc3799f0e7d08e5ede7dc62a5ee94b9a6d9",
    "https://deno.land/x/cliffy@v0.25.7/flags/types/number.ts": "610936e2d29de7c8c304b65489a75ebae17b005c6122c24e791fbed12444d51e",
    "https://deno.land/x/cliffy@v0.25.7/flags/types/string.ts": "e89b6a5ce322f65a894edecdc48b44956ec246a1d881f03e97bbda90dd8638c5",
    "https://deno.land/x/cliffy@v0.25.7/table/border.ts": "2514abae4e4f51eda60a5f8c927ba24efd464a590027e900926b38f68e01253c",
    "https://deno.land/x/cliffy@v0.25.7/table/cell.ts": "1d787d8006ac8302020d18ec39f8d7f1113612c20801b973e3839de9c3f8b7b3",
    "https://deno.land/x/cliffy@v0.25.7/table/deps.ts": "5b05fa56c1a5e2af34f2103fd199e5f87f0507549963019563eae519271819d2",
    "https://deno.land/x/cliffy@v0.25.7/table/layout.ts": "46bf10ae5430cf4fbb92f23d588230e9c6336edbdb154e5c9581290562b169f4",
    "https://deno.land/x/cliffy@v0.25.7/table/row.ts": "5f519ba7488d2ef76cbbf50527f10f7957bfd668ce5b9169abbc44ec88302645",
    "https://deno.land/x/cliffy@v0.25.7/table/table.ts": "ec204c9d08bb3ff1939c5ac7412a4c9ed7d00925d4fc92aff9bfe07bd269258d",
    "https://deno.land/x/cliffy@v0.25.7/table/utils.ts": "187bb7dcbcfb16199a5d906113f584740901dfca1007400cba0df7dcd341bc29",
    "https://deno.land/x/eventemitter@1.2.4/mod.ts": "78bc13c227d8ab547aa42a1c09c233001603770b2a64334a5a7798e4f2cae7c1",
    "https://deno.land/x/zod@v3.21.4/ZodError.ts": "4de18ff525e75a0315f2c12066b77b5c2ae18c7c15ef7df7e165d63536fdf2ea",
    "https://deno.land/x/zod@v3.21.4/errors.ts": "5285922d2be9700cc0c70c95e4858952b07ae193aa0224be3cbd5cd5567eabef",
    "https://deno.land/x/zod@v3.21.4/external.ts": "a6cfbd61e9e097d5f42f8a7ed6f92f93f51ff927d29c9fbaec04f03cbce130fe",
    "https://deno.land/x/zod@v3.21.4/helpers/enumUtil.ts": "54efc393cc9860e687d8b81ff52e980def00fa67377ad0bf8b3104f8a5bf698c",
    "https://deno.land/x/zod@v3.21.4/helpers/errorUtil.ts": "7a77328240be7b847af6de9189963bd9f79cab32bbc61502a9db4fe6683e2ea7",
    "https://deno.land/x/zod@v3.21.4/helpers/parseUtil.ts": "51a76c126ee212be86013d53a9d07f87e9ae04bb1496f2558e61b62cb74a6aa8",
    "https://deno.land/x/zod@v3.21.4/helpers/partialUtil.ts": "998c2fe79795257d4d1cf10361e74492f3b7d852f61057c7c08ac0a46488b7e7",
    "https://deno.land/x/zod@v3.21.4/helpers/typeAliases.ts": "0fda31a063c6736fc3cf9090dd94865c811dfff4f3cb8707b932bf937c6f2c3e",
    "https://deno.land/x/zod@v3.21.4/helpers/util.ts": "8baf19b19b2fca8424380367b90364b32503b6b71780269a6e3e67700bb02774",
    "https://deno.land/x/zod@v3.21.4/index.ts": "d27aabd973613985574bc31f39e45cb5d856aa122ef094a9f38a463b8ef1a268",
    "https://deno.land/x/zod@v3.21.4/locales/en.ts": "a7a25cd23563ccb5e0eed214d9b31846305ddbcdb9c5c8f508b108943366ab4c",
    "https://deno.land/x/zod@v3.21.4/mod.ts": "64e55237cb4410e17d968cd08975566059f27638ebb0b86048031b987ba251c4",
    "https://deno.land/x/zod@v3.21.4/types.ts": "b5d061babea250de14fc63764df5b3afa24f2b088a1d797fc060ba49a0ddff28",
    "https://raw.githubusercontent.com/netspective-labs/sql-aide/v0.13.20/deps.ts": "4827a3829b1c4ab324560d7e6a46549b3b0c8278562e67b91857a95ead722dbc",
    "https://raw.githubusercontent.com/netspective-labs/sql-aide/v0.13.20/lib/notebook/chain-of-responsibility.ts": "0b9d38cb753edbe0bac538c210f62985a56da46c591fdf306e6016cd54a3dd64",
    "https://raw.githubusercontent.com/netspective-labs/sql-aide/v0.13.20/lib/notebook/command.ts": "0c2df89b19ef0d60fb4e65257453f1b79ef8640692b4c73f827bf2b38540a938",
    "https://raw.githubusercontent.com/netspective-labs/sql-aide/v0.13.20/lib/notebook/deps.ts": "a746118f276b968d4c808478ba3d1bbd51f989f28f0e358d7462e0c7771f3407",
    "https://raw.githubusercontent.com/netspective-labs/sql-aide/v0.13.20/lib/pre-process/psql/include.ts": "df0ae6d18072dd1fc00a35ee5232475eceac28f85e77fb455fb1a9a2e4218fca",
    "https://raw.githubusercontent.com/netspective-labs/sql-aide/v0.13.20/lib/pre-process/psql/meta-command.ts": "50801350208a17fcb52527636ce13e7717e1882b1f1d108631d73bcba4336d69",
    "https://raw.githubusercontent.com/netspective-labs/sql-aide/v0.13.20/lib/pre-process/psql/mod.ts": "24d392a2d35691f175a8b2120de8c6ffb0a3d0dadad8768d71ef515a2261a125",
    "https://raw.githubusercontent.com/netspective-labs/sql-aide/v0.13.20/lib/pre-process/psql/set.ts": "4b1292268db8b7d74947919842cc54461f69eb1cfbbe8faae05a1b300ef3a744",
    "https://raw.githubusercontent.com/netspective-labs/sql-aide/v0.13.20/lib/quality-system/governance.ts": "899f9129b65790a49a4caa0d0cd38bddd69a7d519ba2f150c095e4e95f041d92",
    "https://raw.githubusercontent.com/netspective-labs/sql-aide/v0.13.20/lib/quality-system/mod.ts": "4485719eb6bae9e9163fdbd3af0e1c28185775aa10f2300e042651a998a4aeb4",
    "https://raw.githubusercontent.com/netspective-labs/sql-aide/v0.13.20/lib/universal/flexible-text.ts": "21fb1297fed736b4d80ae6ef9b48acdbc9cfec9575cfb7d9e3aedc858820fe56",
    "https://raw.githubusercontent.com/netspective-labs/sql-aide/v0.13.20/lib/universal/graph.ts": "091bebe26e9810994d791702fedd6df0caeb7fe3ad8232f4b2d71eec52c297b1",
    "https://raw.githubusercontent.com/netspective-labs/sql-aide/v0.13.20/lib/universal/record.ts": "403be181c0ffc473a131dd606b544a380b1d7f792c85fd57657ea6a557d8bc6e",
    "https://raw.githubusercontent.com/netspective-labs/sql-aide/v0.13.20/lib/universal/safety.ts": "6a221abc2c355287d354d5d9e3e5652aab7857dba72224fc13588726d4467697",
    "https://raw.githubusercontent.com/netspective-labs/sql-aide/v0.13.20/lib/universal/whitespace.ts": "303e037f9cf984848933002b6b1ccb5218f030ab6b4661dcc69352733f4f06ff",
    "https://raw.githubusercontent.com/netspective-labs/sql-aide/v0.13.20/lib/universal/zod-aide.ts": "d1e389936d3b77581ce655aeb5fee21436ed62161a5480bd42bac7e5b717c1ae",
    "https://raw.githubusercontent.com/netspective-labs/sql-aide/v0.13.20/pattern/data-vault/data-vault.ts": "40951af1dcda06b4add3b56d3402e1ef8cc55bdbee303b861928073bff12e25c",
    "https://raw.githubusercontent.com/netspective-labs/sql-aide/v0.13.20/pattern/data-vault/mod.ts": "3437f034ee1ade8349e1e964f3836cde4d46c8b96a765e403baf8bfdc68224b8",
    "https://raw.githubusercontent.com/netspective-labs/sql-aide/v0.13.20/pattern/typical/enum-table.ts": "82f91bb95bdaa1c4ce2a1a6a43e9ae459fe5fd19bf868331087699bd6623bc20",
    "https://raw.githubusercontent.com/netspective-labs/sql-aide/v0.13.20/pattern/typical/mod.ts": "8852e67a308d5a784fac094994832d0a0d16f66512b32193d9c15ba781a464e9",
    "https://raw.githubusercontent.com/netspective-labs/sql-aide/v0.13.20/pattern/typical/state-table.ts": "e185843d55f4e030e592155ec10d2d474ddedee435c2b103ab526427dd2c4802",
    "https://raw.githubusercontent.com/netspective-labs/sql-aide/v0.13.20/pattern/typical/typical-cli.ts": "7df709acf258215c7e63f29ec351d766eb939a9a88e4f2ac9ddd7efe913b7e73",
    "https://raw.githubusercontent.com/netspective-labs/sql-aide/v0.13.20/pattern/typical/typical.ts": "c8534d08b128a2a9a4b6889f5cb810ca82ba79c26c2730637ab6555fd0bc013a",
    "https://raw.githubusercontent.com/netspective-labs/sql-aide/v0.13.20/render/ddl/mod.ts": "0ea2e3e0b9a8449a029b26633017c59b274e0c3c55f6850c161c345ea6b1bc79",
    "https://raw.githubusercontent.com/netspective-labs/sql-aide/v0.13.20/render/ddl/schema.ts": "3ae39ff73d6b493768bc06752eda54ac74b6f0fd504e77211ac20697ba41fe94",
    "https://raw.githubusercontent.com/netspective-labs/sql-aide/v0.13.20/render/ddl/table/column.ts": "f1c65bae4c4ed3591b2d41ef085400fde6ad8049e8005a0814e414b4a79e76c3",
    "https://raw.githubusercontent.com/netspective-labs/sql-aide/v0.13.20/render/ddl/table/constraint.ts": "e51e53eb15fd34152967cda6b28c36bfae19b1835bb5847e447270b7d3297c02",
    "https://raw.githubusercontent.com/netspective-labs/sql-aide/v0.13.20/render/ddl/table/foreign-key.ts": "5ed0a3ddfe4e264369e776beac196cc56d05fc014bc234d9f5a857d32f629be1",
    "https://raw.githubusercontent.com/netspective-labs/sql-aide/v0.13.20/render/ddl/table/index.ts": "7399da506094d17324f4b72cefc2a30ffb5e26ef79f152429947fc83a8c2b8dc",
    "https://raw.githubusercontent.com/netspective-labs/sql-aide/v0.13.20/render/ddl/table/lint.ts": "8d95f5d9b13791f02ab2511148b227298520ea8bd71aeda5fc8cba3b6d60284c",
    "https://raw.githubusercontent.com/netspective-labs/sql-aide/v0.13.20/render/ddl/table/mod.ts": "eb5e07971125b3cbc9cfdfe9af0bd942bd76f305db82ce4014d4c0584910681c",
    "https://raw.githubusercontent.com/netspective-labs/sql-aide/v0.13.20/render/ddl/table/primary-key.ts": "882112cf17549784cba8563bcb4cdd65ab5340f7234f60bd32096c19cfa7fbe5",
    "https://raw.githubusercontent.com/netspective-labs/sql-aide/v0.13.20/render/ddl/table/record.ts": "f93ae25eddf94a06255af1b5505712e8d3cbad7c0d6c0d360950839ffebdb0e9",
    "https://raw.githubusercontent.com/netspective-labs/sql-aide/v0.13.20/render/ddl/table/select.ts": "43d38132ea1eb92582c28abc85d21d61cea0f981cac1290a8ca8444196951995",
    "https://raw.githubusercontent.com/netspective-labs/sql-aide/v0.13.20/render/ddl/table/self-ref.ts": "d0360e77d2d340c55fb611c17461a6e50cda2fd283a140185239d3152c8d92b7",
    "https://raw.githubusercontent.com/netspective-labs/sql-aide/v0.13.20/render/ddl/table/table.ts": "f5f0e1affad478b7f7cfb489a63f996355a767b6c1c604432bea650af6da3f60",
    "https://raw.githubusercontent.com/netspective-labs/sql-aide/v0.13.20/render/ddl/type.ts": "2bd8ed9d5b5cd412fe95a4b67a7dd2eaf3938433f02f7df9529e130214188206",
    "https://raw.githubusercontent.com/netspective-labs/sql-aide/v0.13.20/render/ddl/view.ts": "0d5573b707d1292a2229a61e28c246da8bfe74f0b9d3b19e1696f87492699965",
    "https://raw.githubusercontent.com/netspective-labs/sql-aide/v0.13.20/render/deps.ts": "f822685ed0ab1e5b2fc76d87c81997555320d2496399684518dc4f52850ffbdb",
    "https://raw.githubusercontent.com/netspective-labs/sql-aide/v0.13.20/render/diagram/plantuml-ie-notation.ts": "e5bcfe0585887523ae81a0445abebe15f5896236e1096d6320ed1baef2724788",
    "https://raw.githubusercontent.com/netspective-labs/sql-aide/v0.13.20/render/dml/insert.ts": "3b3186d47c398f03f37008a3f590222312dc74911d174cc6ec7e593428ec5b04",
    "https://raw.githubusercontent.com/netspective-labs/sql-aide/v0.13.20/render/dml/mod.ts": "8a86dd5a22f2a9690d5a54526caf3d647fa0a85b52da71bed89ae7a8aff734be",
    "https://raw.githubusercontent.com/netspective-labs/sql-aide/v0.13.20/render/domain/domain.ts": "2d0d507f613d0f84500edb78ba52db60b13edfa77e49da5ffb8ee5aba727b79a",
    "https://raw.githubusercontent.com/netspective-labs/sql-aide/v0.13.20/render/domain/domains.ts": "c568e5e7ec2732916ae40a794612dd6204668551dc088af8c1791866956cc7ca",
    "https://raw.githubusercontent.com/netspective-labs/sql-aide/v0.13.20/render/domain/mod.ts": "976337eb03d15107cef0b6bbf9f19451a9f479d416f8eaf4842d8a780936b3b3",
    "https://raw.githubusercontent.com/netspective-labs/sql-aide/v0.13.20/render/dql/criteria.ts": "9d91520e78e21ac613fadca2d0d1b00094498aecc22a9fee522a749b3d1dc3d2",
    "https://raw.githubusercontent.com/netspective-labs/sql-aide/v0.13.20/render/dql/mod.ts": "cabe5089c3d3756fb64fa4165fbcd8a842aa9af5eed2f4e925deb033d3e0abba",
    "https://raw.githubusercontent.com/netspective-labs/sql-aide/v0.13.20/render/dql/select.ts": "bc033a1c0e60939a539740440b2693fd64061d276997ea81c05b2e7f447cb35a",
    "https://raw.githubusercontent.com/netspective-labs/sql-aide/v0.13.20/render/emit/dialect.ts": "a54fe72979d58f97f99280dc202b5b349606182eee73434a3641cae0eb17e345",
    "https://raw.githubusercontent.com/netspective-labs/sql-aide/v0.13.20/render/emit/directive.ts": "bf2244d94b61a521d7a00b2fa52c778bc8e217fbd1dd2a7109d723b347e2baa2",
    "https://raw.githubusercontent.com/netspective-labs/sql-aide/v0.13.20/render/emit/interpolate.ts": "f7e4ddebcb9d9ea0ac5ec8ffd59432e3b04571bf6a27820a8ffe7a258f66cf2a",
    "https://raw.githubusercontent.com/netspective-labs/sql-aide/v0.13.20/render/emit/js.ts": "b3027a36f19bed035b255b61788aef1747a3c74b264ea31c9eb2ad703648bfc8",
    "https://raw.githubusercontent.com/netspective-labs/sql-aide/v0.13.20/render/emit/mod.ts": "392ad0e5affe06d1a386735d85329c9c2b252b73e7ce197c45563572358837f0",
    "https://raw.githubusercontent.com/netspective-labs/sql-aide/v0.13.20/render/emit/namespace.ts": "6e15a3fd4af6c9f17af1d94ca9f36764fa7d3306e2b8fc63bb77863edd2d6c50",
    "https://raw.githubusercontent.com/netspective-labs/sql-aide/v0.13.20/render/emit/polygenix-notebook.ts": "5bc6cfb72743ba4501331fbb13b25a073902434863cdf58e596c9833120028f9",
    "https://raw.githubusercontent.com/netspective-labs/sql-aide/v0.13.20/render/emit/polygenix.ts": "ef8b9864ebdf3cc8b8e04540d57f8b50b395b07c329aaeb952e660aa5e52d5d1",
    "https://raw.githubusercontent.com/netspective-labs/sql-aide/v0.13.20/render/emit/quality-system.ts": "d8fce4ec7eb54cab850c9ceac5be08e21d743b4457eac2ee9d5e51aad35fb989",
    "https://raw.githubusercontent.com/netspective-labs/sql-aide/v0.13.20/render/emit/sql-notebook.ts": "94f612eaebc4ae1bbaeaf40c57d9e49991e376d559e7a285bf7e3a421fc3051b",
    "https://raw.githubusercontent.com/netspective-labs/sql-aide/v0.13.20/render/emit/sql.ts": "894c5437020139584e5b2b2b397fc93e414d3a66096ba5224b06ae5749f12ca3",
    "https://raw.githubusercontent.com/netspective-labs/sql-aide/v0.13.20/render/graph.ts": "d8de5eae4c60322156d43a0c587b5cb8fc8f8b608093cfd4f380902f4049dec1",
    "https://raw.githubusercontent.com/netspective-labs/sql-aide/v0.13.20/render/mod.ts": "a3389f40211e752d77c9877a7b55477dafdb831020c227bcb71a89a1ffb73e01",
    "https://raw.githubusercontent.com/netspective-labs/sql-aide/v0.13.20/render/quality-system.ts": "7ec5b0c30eb799d18fa75627de93de490de96166652a298da0ccf648cf09a79f",
    "https://raw.githubusercontent.com/netspective-labs/sql-aide/v0.13.25/deps.ts": "4827a3829b1c4ab324560d7e6a46549b3b0c8278562e67b91857a95ead722dbc",
    "https://raw.githubusercontent.com/netspective-labs/sql-aide/v0.13.25/lib/notebook/chain-of-responsibility.ts": "0b9d38cb753edbe0bac538c210f62985a56da46c591fdf306e6016cd54a3dd64",
    "https://raw.githubusercontent.com/netspective-labs/sql-aide/v0.13.25/lib/notebook/command.ts": "0c2df89b19ef0d60fb4e65257453f1b79ef8640692b4c73f827bf2b38540a938",
    "https://raw.githubusercontent.com/netspective-labs/sql-aide/v0.13.25/lib/notebook/deps.ts": "a746118f276b968d4c808478ba3d1bbd51f989f28f0e358d7462e0c7771f3407",
    "https://raw.githubusercontent.com/netspective-labs/sql-aide/v0.13.25/lib/pre-process/psql/include.ts": "df0ae6d18072dd1fc00a35ee5232475eceac28f85e77fb455fb1a9a2e4218fca",
    "https://raw.githubusercontent.com/netspective-labs/sql-aide/v0.13.25/lib/pre-process/psql/meta-command.ts": "50801350208a17fcb52527636ce13e7717e1882b1f1d108631d73bcba4336d69",
    "https://raw.githubusercontent.com/netspective-labs/sql-aide/v0.13.25/lib/pre-process/psql/mod.ts": "24d392a2d35691f175a8b2120de8c6ffb0a3d0dadad8768d71ef515a2261a125",
    "https://raw.githubusercontent.com/netspective-labs/sql-aide/v0.13.25/lib/pre-process/psql/set.ts": "4b1292268db8b7d74947919842cc54461f69eb1cfbbe8faae05a1b300ef3a744",
    "https://raw.githubusercontent.com/netspective-labs/sql-aide/v0.13.25/lib/quality-system/governance.ts": "899f9129b65790a49a4caa0d0cd38bddd69a7d519ba2f150c095e4e95f041d92",
    "https://raw.githubusercontent.com/netspective-labs/sql-aide/v0.13.25/lib/quality-system/mod.ts": "4485719eb6bae9e9163fdbd3af0e1c28185775aa10f2300e042651a998a4aeb4",
    "https://raw.githubusercontent.com/netspective-labs/sql-aide/v0.13.25/lib/universal/flexible-text.ts": "21fb1297fed736b4d80ae6ef9b48acdbc9cfec9575cfb7d9e3aedc858820fe56",
    "https://raw.githubusercontent.com/netspective-labs/sql-aide/v0.13.25/lib/universal/graph.ts": "091bebe26e9810994d791702fedd6df0caeb7fe3ad8232f4b2d71eec52c297b1",
    "https://raw.githubusercontent.com/netspective-labs/sql-aide/v0.13.25/lib/universal/record.ts": "403be181c0ffc473a131dd606b544a380b1d7f792c85fd57657ea6a557d8bc6e",
    "https://raw.githubusercontent.com/netspective-labs/sql-aide/v0.13.25/lib/universal/safety.ts": "6a221abc2c355287d354d5d9e3e5652aab7857dba72224fc13588726d4467697",
    "https://raw.githubusercontent.com/netspective-labs/sql-aide/v0.13.25/lib/universal/whitespace.ts": "303e037f9cf984848933002b6b1ccb5218f030ab6b4661dcc69352733f4f06ff",
    "https://raw.githubusercontent.com/netspective-labs/sql-aide/v0.13.25/lib/universal/zod-aide.ts": "d1e389936d3b77581ce655aeb5fee21436ed62161a5480bd42bac7e5b717c1ae",
    "https://raw.githubusercontent.com/netspective-labs/sql-aide/v0.13.25/pattern/data-vault/data-vault.ts": "28e581b57bf47301313aec2d454f317a599704f591afe8a90bf25336112bddb3",
    "https://raw.githubusercontent.com/netspective-labs/sql-aide/v0.13.25/pattern/data-vault/mod.ts": "3437f034ee1ade8349e1e964f3836cde4d46c8b96a765e403baf8bfdc68224b8",
    "https://raw.githubusercontent.com/netspective-labs/sql-aide/v0.13.25/pattern/typical/enum-table.ts": "82f91bb95bdaa1c4ce2a1a6a43e9ae459fe5fd19bf868331087699bd6623bc20",
    "https://raw.githubusercontent.com/netspective-labs/sql-aide/v0.13.25/pattern/typical/mod.ts": "8852e67a308d5a784fac094994832d0a0d16f66512b32193d9c15ba781a464e9",
    "https://raw.githubusercontent.com/netspective-labs/sql-aide/v0.13.25/pattern/typical/state-table.ts": "e185843d55f4e030e592155ec10d2d474ddedee435c2b103ab526427dd2c4802",
    "https://raw.githubusercontent.com/netspective-labs/sql-aide/v0.13.25/pattern/typical/typical-cli.ts": "7df709acf258215c7e63f29ec351d766eb939a9a88e4f2ac9ddd7efe913b7e73",
    "https://raw.githubusercontent.com/netspective-labs/sql-aide/v0.13.25/pattern/typical/typical.ts": "c8534d08b128a2a9a4b6889f5cb810ca82ba79c26c2730637ab6555fd0bc013a",
    "https://raw.githubusercontent.com/netspective-labs/sql-aide/v0.13.25/render/ddl/mod.ts": "0ea2e3e0b9a8449a029b26633017c59b274e0c3c55f6850c161c345ea6b1bc79",
    "https://raw.githubusercontent.com/netspective-labs/sql-aide/v0.13.25/render/ddl/schema.ts": "3ae39ff73d6b493768bc06752eda54ac74b6f0fd504e77211ac20697ba41fe94",
    "https://raw.githubusercontent.com/netspective-labs/sql-aide/v0.13.25/render/ddl/table/column.ts": "f1c65bae4c4ed3591b2d41ef085400fde6ad8049e8005a0814e414b4a79e76c3",
    "https://raw.githubusercontent.com/netspective-labs/sql-aide/v0.13.25/render/ddl/table/constraint.ts": "e51e53eb15fd34152967cda6b28c36bfae19b1835bb5847e447270b7d3297c02",
    "https://raw.githubusercontent.com/netspective-labs/sql-aide/v0.13.25/render/ddl/table/foreign-key.ts": "5ed0a3ddfe4e264369e776beac196cc56d05fc014bc234d9f5a857d32f629be1",
    "https://raw.githubusercontent.com/netspective-labs/sql-aide/v0.13.25/render/ddl/table/index.ts": "7399da506094d17324f4b72cefc2a30ffb5e26ef79f152429947fc83a8c2b8dc",
    "https://raw.githubusercontent.com/netspective-labs/sql-aide/v0.13.25/render/ddl/table/lint.ts": "8d95f5d9b13791f02ab2511148b227298520ea8bd71aeda5fc8cba3b6d60284c",
    "https://raw.githubusercontent.com/netspective-labs/sql-aide/v0.13.25/render/ddl/table/mod.ts": "eb5e07971125b3cbc9cfdfe9af0bd942bd76f305db82ce4014d4c0584910681c",
    "https://raw.githubusercontent.com/netspective-labs/sql-aide/v0.13.25/render/ddl/table/primary-key.ts": "882112cf17549784cba8563bcb4cdd65ab5340f7234f60bd32096c19cfa7fbe5",
    "https://raw.githubusercontent.com/netspective-labs/sql-aide/v0.13.25/render/ddl/table/record.ts": "f93ae25eddf94a06255af1b5505712e8d3cbad7c0d6c0d360950839ffebdb0e9",
    "https://raw.githubusercontent.com/netspective-labs/sql-aide/v0.13.25/render/ddl/table/select.ts": "43d38132ea1eb92582c28abc85d21d61cea0f981cac1290a8ca8444196951995",
    "https://raw.githubusercontent.com/netspective-labs/sql-aide/v0.13.25/render/ddl/table/self-ref.ts": "d0360e77d2d340c55fb611c17461a6e50cda2fd283a140185239d3152c8d92b7",
    "https://raw.githubusercontent.com/netspective-labs/sql-aide/v0.13.25/render/ddl/table/table.ts": "f5f0e1affad478b7f7cfb489a63f996355a767b6c1c604432bea650af6da3f60",
    "https://raw.githubusercontent.com/netspective-labs/sql-aide/v0.13.25/render/ddl/type.ts": "2bd8ed9d5b5cd412fe95a4b67a7dd2eaf3938433f02f7df9529e130214188206",
    "https://raw.githubusercontent.com/netspective-labs/sql-aide/v0.13.25/render/ddl/view.ts": "0d5573b707d1292a2229a61e28c246da8bfe74f0b9d3b19e1696f87492699965",
    "https://raw.githubusercontent.com/netspective-labs/sql-aide/v0.13.25/render/deps.ts": "f822685ed0ab1e5b2fc76d87c81997555320d2496399684518dc4f52850ffbdb",
    "https://raw.githubusercontent.com/netspective-labs/sql-aide/v0.13.25/render/diagram/plantuml-ie-notation.ts": "e5bcfe0585887523ae81a0445abebe15f5896236e1096d6320ed1baef2724788",
    "https://raw.githubusercontent.com/netspective-labs/sql-aide/v0.13.25/render/dml/insert.ts": "3b3186d47c398f03f37008a3f590222312dc74911d174cc6ec7e593428ec5b04",
    "https://raw.githubusercontent.com/netspective-labs/sql-aide/v0.13.25/render/dml/mod.ts": "8a86dd5a22f2a9690d5a54526caf3d647fa0a85b52da71bed89ae7a8aff734be",
    "https://raw.githubusercontent.com/netspective-labs/sql-aide/v0.13.25/render/domain/domain.ts": "2d0d507f613d0f84500edb78ba52db60b13edfa77e49da5ffb8ee5aba727b79a",
    "https://raw.githubusercontent.com/netspective-labs/sql-aide/v0.13.25/render/domain/domains.ts": "c568e5e7ec2732916ae40a794612dd6204668551dc088af8c1791866956cc7ca",
    "https://raw.githubusercontent.com/netspective-labs/sql-aide/v0.13.25/render/domain/mod.ts": "976337eb03d15107cef0b6bbf9f19451a9f479d416f8eaf4842d8a780936b3b3",
    "https://raw.githubusercontent.com/netspective-labs/sql-aide/v0.13.25/render/dql/criteria.ts": "9d91520e78e21ac613fadca2d0d1b00094498aecc22a9fee522a749b3d1dc3d2",
    "https://raw.githubusercontent.com/netspective-labs/sql-aide/v0.13.25/render/dql/mod.ts": "cabe5089c3d3756fb64fa4165fbcd8a842aa9af5eed2f4e925deb033d3e0abba",
    "https://raw.githubusercontent.com/netspective-labs/sql-aide/v0.13.25/render/dql/select.ts": "bc033a1c0e60939a539740440b2693fd64061d276997ea81c05b2e7f447cb35a",
    "https://raw.githubusercontent.com/netspective-labs/sql-aide/v0.13.25/render/emit/dialect.ts": "a54fe72979d58f97f99280dc202b5b349606182eee73434a3641cae0eb17e345",
    "https://raw.githubusercontent.com/netspective-labs/sql-aide/v0.13.25/render/emit/directive.ts": "bf2244d94b61a521d7a00b2fa52c778bc8e217fbd1dd2a7109d723b347e2baa2",
    "https://raw.githubusercontent.com/netspective-labs/sql-aide/v0.13.25/render/emit/interpolate.ts": "f7e4ddebcb9d9ea0ac5ec8ffd59432e3b04571bf6a27820a8ffe7a258f66cf2a",
    "https://raw.githubusercontent.com/netspective-labs/sql-aide/v0.13.25/render/emit/js.ts": "b3027a36f19bed035b255b61788aef1747a3c74b264ea31c9eb2ad703648bfc8",
    "https://raw.githubusercontent.com/netspective-labs/sql-aide/v0.13.25/render/emit/mod.ts": "392ad0e5affe06d1a386735d85329c9c2b252b73e7ce197c45563572358837f0",
    "https://raw.githubusercontent.com/netspective-labs/sql-aide/v0.13.25/render/emit/namespace.ts": "6e15a3fd4af6c9f17af1d94ca9f36764fa7d3306e2b8fc63bb77863edd2d6c50",
    "https://raw.githubusercontent.com/netspective-labs/sql-aide/v0.13.25/render/emit/polygenix-notebook.ts": "5bc6cfb72743ba4501331fbb13b25a073902434863cdf58e596c9833120028f9",
    "https://raw.githubusercontent.com/netspective-labs/sql-aide/v0.13.25/render/emit/polygenix.ts": "ef8b9864ebdf3cc8b8e04540d57f8b50b395b07c329aaeb952e660aa5e52d5d1",
    "https://raw.githubusercontent.com/netspective-labs/sql-aide/v0.13.25/render/emit/quality-system.ts": "d8fce4ec7eb54cab850c9ceac5be08e21d743b4457eac2ee9d5e51aad35fb989",
    "https://raw.githubusercontent.com/netspective-labs/sql-aide/v0.13.25/render/emit/sql-notebook.ts": "94f612eaebc4ae1bbaeaf40c57d9e49991e376d559e7a285bf7e3a421fc3051b",
    "https://raw.githubusercontent.com/netspective-labs/sql-aide/v0.13.25/render/emit/sql.ts": "894c5437020139584e5b2b2b397fc93e414d3a66096ba5224b06ae5749f12ca3",
    "https://raw.githubusercontent.com/netspective-labs/sql-aide/v0.13.25/render/graph.ts": "d8de5eae4c60322156d43a0c587b5cb8fc8f8b608093cfd4f380902f4049dec1",
    "https://raw.githubusercontent.com/netspective-labs/sql-aide/v0.13.25/render/mod.ts": "a3389f40211e752d77c9877a7b55477dafdb831020c227bcb71a89a1ffb73e01",
    "https://raw.githubusercontent.com/netspective-labs/sql-aide/v0.13.25/render/quality-system.ts": "7ec5b0c30eb799d18fa75627de93de490de96166652a298da0ccf648cf09a79f",
    "https://raw.githubusercontent.com/netspective-labs/sql-aide/v0.13.26/deps.ts": "4827a3829b1c4ab324560d7e6a46549b3b0c8278562e67b91857a95ead722dbc",
    "https://raw.githubusercontent.com/netspective-labs/sql-aide/v0.13.26/lib/notebook/chain-of-responsibility.ts": "0b9d38cb753edbe0bac538c210f62985a56da46c591fdf306e6016cd54a3dd64",
    "https://raw.githubusercontent.com/netspective-labs/sql-aide/v0.13.26/lib/notebook/command.ts": "0c2df89b19ef0d60fb4e65257453f1b79ef8640692b4c73f827bf2b38540a938",
    "https://raw.githubusercontent.com/netspective-labs/sql-aide/v0.13.26/lib/notebook/deps.ts": "a746118f276b968d4c808478ba3d1bbd51f989f28f0e358d7462e0c7771f3407",
    "https://raw.githubusercontent.com/netspective-labs/sql-aide/v0.13.26/lib/pre-process/psql/include.ts": "df0ae6d18072dd1fc00a35ee5232475eceac28f85e77fb455fb1a9a2e4218fca",
    "https://raw.githubusercontent.com/netspective-labs/sql-aide/v0.13.26/lib/pre-process/psql/meta-command.ts": "50801350208a17fcb52527636ce13e7717e1882b1f1d108631d73bcba4336d69",
    "https://raw.githubusercontent.com/netspective-labs/sql-aide/v0.13.26/lib/pre-process/psql/mod.ts": "24d392a2d35691f175a8b2120de8c6ffb0a3d0dadad8768d71ef515a2261a125",
    "https://raw.githubusercontent.com/netspective-labs/sql-aide/v0.13.26/lib/pre-process/psql/set.ts": "4b1292268db8b7d74947919842cc54461f69eb1cfbbe8faae05a1b300ef3a744",
    "https://raw.githubusercontent.com/netspective-labs/sql-aide/v0.13.26/lib/quality-system/governance.ts": "899f9129b65790a49a4caa0d0cd38bddd69a7d519ba2f150c095e4e95f041d92",
    "https://raw.githubusercontent.com/netspective-labs/sql-aide/v0.13.26/lib/quality-system/mod.ts": "4485719eb6bae9e9163fdbd3af0e1c28185775aa10f2300e042651a998a4aeb4",
    "https://raw.githubusercontent.com/netspective-labs/sql-aide/v0.13.26/lib/universal/flexible-text.ts": "21fb1297fed736b4d80ae6ef9b48acdbc9cfec9575cfb7d9e3aedc858820fe56",
    "https://raw.githubusercontent.com/netspective-labs/sql-aide/v0.13.26/lib/universal/graph.ts": "091bebe26e9810994d791702fedd6df0caeb7fe3ad8232f4b2d71eec52c297b1",
    "https://raw.githubusercontent.com/netspective-labs/sql-aide/v0.13.26/lib/universal/record.ts": "403be181c0ffc473a131dd606b544a380b1d7f792c85fd57657ea6a557d8bc6e",
    "https://raw.githubusercontent.com/netspective-labs/sql-aide/v0.13.26/lib/universal/safety.ts": "6a221abc2c355287d354d5d9e3e5652aab7857dba72224fc13588726d4467697",
    "https://raw.githubusercontent.com/netspective-labs/sql-aide/v0.13.26/lib/universal/whitespace.ts": "303e037f9cf984848933002b6b1ccb5218f030ab6b4661dcc69352733f4f06ff",
    "https://raw.githubusercontent.com/netspective-labs/sql-aide/v0.13.26/lib/universal/zod-aide.ts": "d1e389936d3b77581ce655aeb5fee21436ed62161a5480bd42bac7e5b717c1ae",
    "https://raw.githubusercontent.com/netspective-labs/sql-aide/v0.13.26/pattern/data-vault/data-vault.ts": "28e581b57bf47301313aec2d454f317a599704f591afe8a90bf25336112bddb3",
    "https://raw.githubusercontent.com/netspective-labs/sql-aide/v0.13.26/pattern/data-vault/mod.ts": "3437f034ee1ade8349e1e964f3836cde4d46c8b96a765e403baf8bfdc68224b8",
    "https://raw.githubusercontent.com/netspective-labs/sql-aide/v0.13.26/pattern/typical/enum-table.ts": "82f91bb95bdaa1c4ce2a1a6a43e9ae459fe5fd19bf868331087699bd6623bc20",
    "https://raw.githubusercontent.com/netspective-labs/sql-aide/v0.13.26/pattern/typical/mod.ts": "8852e67a308d5a784fac094994832d0a0d16f66512b32193d9c15ba781a464e9",
    "https://raw.githubusercontent.com/netspective-labs/sql-aide/v0.13.26/pattern/typical/state-table.ts": "e185843d55f4e030e592155ec10d2d474ddedee435c2b103ab526427dd2c4802",
    "https://raw.githubusercontent.com/netspective-labs/sql-aide/v0.13.26/pattern/typical/typical-cli.ts": "7df709acf258215c7e63f29ec351d766eb939a9a88e4f2ac9ddd7efe913b7e73",
    "https://raw.githubusercontent.com/netspective-labs/sql-aide/v0.13.26/pattern/typical/typical.ts": "c8534d08b128a2a9a4b6889f5cb810ca82ba79c26c2730637ab6555fd0bc013a",
    "https://raw.githubusercontent.com/netspective-labs/sql-aide/v0.13.26/render/ddl/mod.ts": "0ea2e3e0b9a8449a029b26633017c59b274e0c3c55f6850c161c345ea6b1bc79",
    "https://raw.githubusercontent.com/netspective-labs/sql-aide/v0.13.26/render/ddl/schema.ts": "3ae39ff73d6b493768bc06752eda54ac74b6f0fd504e77211ac20697ba41fe94",
    "https://raw.githubusercontent.com/netspective-labs/sql-aide/v0.13.26/render/ddl/table/column.ts": "f1c65bae4c4ed3591b2d41ef085400fde6ad8049e8005a0814e414b4a79e76c3",
    "https://raw.githubusercontent.com/netspective-labs/sql-aide/v0.13.26/render/ddl/table/constraint.ts": "e51e53eb15fd34152967cda6b28c36bfae19b1835bb5847e447270b7d3297c02",
    "https://raw.githubusercontent.com/netspective-labs/sql-aide/v0.13.26/render/ddl/table/foreign-key.ts": "3a9a7a6983de7c43b5f08059d4127a39edb1c3aac17a3b4ffcb32938e0430c91",
    "https://raw.githubusercontent.com/netspective-labs/sql-aide/v0.13.26/render/ddl/table/index.ts": "7399da506094d17324f4b72cefc2a30ffb5e26ef79f152429947fc83a8c2b8dc",
    "https://raw.githubusercontent.com/netspective-labs/sql-aide/v0.13.26/render/ddl/table/lint.ts": "8d95f5d9b13791f02ab2511148b227298520ea8bd71aeda5fc8cba3b6d60284c",
    "https://raw.githubusercontent.com/netspective-labs/sql-aide/v0.13.26/render/ddl/table/mod.ts": "eb5e07971125b3cbc9cfdfe9af0bd942bd76f305db82ce4014d4c0584910681c",
    "https://raw.githubusercontent.com/netspective-labs/sql-aide/v0.13.26/render/ddl/table/primary-key.ts": "882112cf17549784cba8563bcb4cdd65ab5340f7234f60bd32096c19cfa7fbe5",
    "https://raw.githubusercontent.com/netspective-labs/sql-aide/v0.13.26/render/ddl/table/record.ts": "f93ae25eddf94a06255af1b5505712e8d3cbad7c0d6c0d360950839ffebdb0e9",
    "https://raw.githubusercontent.com/netspective-labs/sql-aide/v0.13.26/render/ddl/table/select.ts": "43d38132ea1eb92582c28abc85d21d61cea0f981cac1290a8ca8444196951995",
    "https://raw.githubusercontent.com/netspective-labs/sql-aide/v0.13.26/render/ddl/table/self-ref.ts": "d0360e77d2d340c55fb611c17461a6e50cda2fd283a140185239d3152c8d92b7",
    "https://raw.githubusercontent.com/netspective-labs/sql-aide/v0.13.26/render/ddl/table/table.ts": "d371ae027014d8204bb20c9ff98f685f1c670930d8541dac51722feb6b6d174f",
    "https://raw.githubusercontent.com/netspective-labs/sql-aide/v0.13.26/render/ddl/type.ts": "2bd8ed9d5b5cd412fe95a4b67a7dd2eaf3938433f02f7df9529e130214188206",
    "https://raw.githubusercontent.com/netspective-labs/sql-aide/v0.13.26/render/ddl/view.ts": "0d5573b707d1292a2229a61e28c246da8bfe74f0b9d3b19e1696f87492699965",
    "https://raw.githubusercontent.com/netspective-labs/sql-aide/v0.13.26/render/deps.ts": "f822685ed0ab1e5b2fc76d87c81997555320d2496399684518dc4f52850ffbdb",
    "https://raw.githubusercontent.com/netspective-labs/sql-aide/v0.13.26/render/diagram/plantuml-ie-notation.ts": "e5bcfe0585887523ae81a0445abebe15f5896236e1096d6320ed1baef2724788",
    "https://raw.githubusercontent.com/netspective-labs/sql-aide/v0.13.26/render/dml/insert.ts": "3b3186d47c398f03f37008a3f590222312dc74911d174cc6ec7e593428ec5b04",
    "https://raw.githubusercontent.com/netspective-labs/sql-aide/v0.13.26/render/dml/mod.ts": "8a86dd5a22f2a9690d5a54526caf3d647fa0a85b52da71bed89ae7a8aff734be",
    "https://raw.githubusercontent.com/netspective-labs/sql-aide/v0.13.26/render/domain/domain.ts": "2d0d507f613d0f84500edb78ba52db60b13edfa77e49da5ffb8ee5aba727b79a",
    "https://raw.githubusercontent.com/netspective-labs/sql-aide/v0.13.26/render/domain/domains.ts": "c568e5e7ec2732916ae40a794612dd6204668551dc088af8c1791866956cc7ca",
    "https://raw.githubusercontent.com/netspective-labs/sql-aide/v0.13.26/render/domain/mod.ts": "976337eb03d15107cef0b6bbf9f19451a9f479d416f8eaf4842d8a780936b3b3",
    "https://raw.githubusercontent.com/netspective-labs/sql-aide/v0.13.26/render/dql/criteria.ts": "9d91520e78e21ac613fadca2d0d1b00094498aecc22a9fee522a749b3d1dc3d2",
    "https://raw.githubusercontent.com/netspective-labs/sql-aide/v0.13.26/render/dql/mod.ts": "cabe5089c3d3756fb64fa4165fbcd8a842aa9af5eed2f4e925deb033d3e0abba",
    "https://raw.githubusercontent.com/netspective-labs/sql-aide/v0.13.26/render/dql/select.ts": "bc033a1c0e60939a539740440b2693fd64061d276997ea81c05b2e7f447cb35a",
    "https://raw.githubusercontent.com/netspective-labs/sql-aide/v0.13.26/render/emit/dialect.ts": "a54fe72979d58f97f99280dc202b5b349606182eee73434a3641cae0eb17e345",
    "https://raw.githubusercontent.com/netspective-labs/sql-aide/v0.13.26/render/emit/directive.ts": "bf2244d94b61a521d7a00b2fa52c778bc8e217fbd1dd2a7109d723b347e2baa2",
    "https://raw.githubusercontent.com/netspective-labs/sql-aide/v0.13.26/render/emit/interpolate.ts": "f7e4ddebcb9d9ea0ac5ec8ffd59432e3b04571bf6a27820a8ffe7a258f66cf2a",
    "https://raw.githubusercontent.com/netspective-labs/sql-aide/v0.13.26/render/emit/js.ts": "b3027a36f19bed035b255b61788aef1747a3c74b264ea31c9eb2ad703648bfc8",
    "https://raw.githubusercontent.com/netspective-labs/sql-aide/v0.13.26/render/emit/mod.ts": "392ad0e5affe06d1a386735d85329c9c2b252b73e7ce197c45563572358837f0",
    "https://raw.githubusercontent.com/netspective-labs/sql-aide/v0.13.26/render/emit/namespace.ts": "6e15a3fd4af6c9f17af1d94ca9f36764fa7d3306e2b8fc63bb77863edd2d6c50",
    "https://raw.githubusercontent.com/netspective-labs/sql-aide/v0.13.26/render/emit/polygenix-notebook.ts": "5bc6cfb72743ba4501331fbb13b25a073902434863cdf58e596c9833120028f9",
    "https://raw.githubusercontent.com/netspective-labs/sql-aide/v0.13.26/render/emit/polygenix.ts": "ef8b9864ebdf3cc8b8e04540d57f8b50b395b07c329aaeb952e660aa5e52d5d1",
    "https://raw.githubusercontent.com/netspective-labs/sql-aide/v0.13.26/render/emit/quality-system.ts": "d8fce4ec7eb54cab850c9ceac5be08e21d743b4457eac2ee9d5e51aad35fb989",
    "https://raw.githubusercontent.com/netspective-labs/sql-aide/v0.13.26/render/emit/sql-notebook.ts": "94f612eaebc4ae1bbaeaf40c57d9e49991e376d559e7a285bf7e3a421fc3051b",
    "https://raw.githubusercontent.com/netspective-labs/sql-aide/v0.13.26/render/emit/sql.ts": "894c5437020139584e5b2b2b397fc93e414d3a66096ba5224b06ae5749f12ca3",
    "https://raw.githubusercontent.com/netspective-labs/sql-aide/v0.13.26/render/graph.ts": "d8de5eae4c60322156d43a0c587b5cb8fc8f8b608093cfd4f380902f4049dec1",
    "https://raw.githubusercontent.com/netspective-labs/sql-aide/v0.13.26/render/mod.ts": "a3389f40211e752d77c9877a7b55477dafdb831020c227bcb71a89a1ffb73e01",
    "https://raw.githubusercontent.com/netspective-labs/sql-aide/v0.13.26/render/quality-system.ts": "7ec5b0c30eb799d18fa75627de93de490de96166652a298da0ccf648cf09a79f"
  }
}
